// !$*UTF8*$!
{
	archiveVersion = 1;
	classes = {
	};
	objectVersion = 46;
	objects = {

/* Begin PBXBuildFile section */
		670223151BD176B4002E2036 /* AppDelegate.swift in Sources */ = {isa = PBXBuildFile; fileRef = 670223141BD176B4002E2036 /* AppDelegate.swift */; };
		670223171BD176B4002E2036 /* FirstViewController.swift in Sources */ = {isa = PBXBuildFile; fileRef = 670223161BD176B4002E2036 /* FirstViewController.swift */; };
		670223191BD176B4002E2036 /* SecondViewController.swift in Sources */ = {isa = PBXBuildFile; fileRef = 670223181BD176B4002E2036 /* SecondViewController.swift */; };
		6702231C1BD176B4002E2036 /* Main.storyboard in Resources */ = {isa = PBXBuildFile; fileRef = 6702231A1BD176B4002E2036 /* Main.storyboard */; };
		6702231E1BD176B4002E2036 /* Assets.xcassets in Resources */ = {isa = PBXBuildFile; fileRef = 6702231D1BD176B4002E2036 /* Assets.xcassets */; };
		670223291BD176B4002E2036 /* SurfateTVTests.swift in Sources */ = {isa = PBXBuildFile; fileRef = 670223281BD176B4002E2036 /* SurfateTVTests.swift */; };
		673B96391BD1AB76005527E5 /* CameraCell.swift in Sources */ = {isa = PBXBuildFile; fileRef = 673B96381BD1AB76005527E5 /* CameraCell.swift */; };
		673B963F1BD1C478005527E5 /* CamsSource.plist in Resources */ = {isa = PBXBuildFile; fileRef = 673B963E1BD1C478005527E5 /* CamsSource.plist */; };
		673B96411BD1C4A4005527E5 /* SurfCamera.swift in Sources */ = {isa = PBXBuildFile; fileRef = 673B96401BD1C4A4005527E5 /* SurfCamera.swift */; };
		67859DCC1BD55A6E00DF4DBA /* CameraPlayerViewController.swift in Sources */ = {isa = PBXBuildFile; fileRef = 67859DCB1BD55A6E00DF4DBA /* CameraPlayerViewController.swift */; };
/* End PBXBuildFile section */

/* Begin PBXContainerItemProxy section */
		670223251BD176B4002E2036 /* PBXContainerItemProxy */ = {
			isa = PBXContainerItemProxy;
			containerPortal = 670223091BD176B4002E2036 /* Project object */;
			proxyType = 1;
			remoteGlobalIDString = 670223101BD176B4002E2036;
			remoteInfo = SurfateTV;
		};
/* End PBXContainerItemProxy section */

/* Begin PBXFileReference section */
		670223111BD176B4002E2036 /* SurfateTV.app */ = {isa = PBXFileReference; explicitFileType = wrapper.application; includeInIndex = 0; path = SurfateTV.app; sourceTree = BUILT_PRODUCTS_DIR; };
		670223141BD176B4002E2036 /* AppDelegate.swift */ = {isa = PBXFileReference; lastKnownFileType = sourcecode.swift; path = AppDelegate.swift; sourceTree = "<group>"; };
		670223161BD176B4002E2036 /* FirstViewController.swift */ = {isa = PBXFileReference; lastKnownFileType = sourcecode.swift; path = FirstViewController.swift; sourceTree = "<group>"; };
		670223181BD176B4002E2036 /* SecondViewController.swift */ = {isa = PBXFileReference; lastKnownFileType = sourcecode.swift; path = SecondViewController.swift; sourceTree = "<group>"; };
		6702231B1BD176B4002E2036 /* Base */ = {isa = PBXFileReference; lastKnownFileType = file.storyboard; name = Base; path = Base.lproj/Main.storyboard; sourceTree = "<group>"; };
		6702231D1BD176B4002E2036 /* Assets.xcassets */ = {isa = PBXFileReference; lastKnownFileType = folder.assetcatalog; path = Assets.xcassets; sourceTree = "<group>"; };
		6702231F1BD176B4002E2036 /* Info.plist */ = {isa = PBXFileReference; lastKnownFileType = text.plist.xml; path = Info.plist; sourceTree = "<group>"; };
		670223241BD176B4002E2036 /* SurfateTVTests.xctest */ = {isa = PBXFileReference; explicitFileType = wrapper.cfbundle; includeInIndex = 0; path = SurfateTVTests.xctest; sourceTree = BUILT_PRODUCTS_DIR; };
		670223281BD176B4002E2036 /* SurfateTVTests.swift */ = {isa = PBXFileReference; lastKnownFileType = sourcecode.swift; path = SurfateTVTests.swift; sourceTree = "<group>"; };
		6702232A1BD176B4002E2036 /* Info.plist */ = {isa = PBXFileReference; lastKnownFileType = text.plist.xml; path = Info.plist; sourceTree = "<group>"; };
		673B96381BD1AB76005527E5 /* CameraCell.swift */ = {isa = PBXFileReference; fileEncoding = 4; lastKnownFileType = sourcecode.swift; path = CameraCell.swift; sourceTree = "<group>"; };
		673B963E1BD1C478005527E5 /* CamsSource.plist */ = {isa = PBXFileReference; fileEncoding = 4; lastKnownFileType = text.plist.xml; path = CamsSource.plist; sourceTree = "<group>"; };
		673B96401BD1C4A4005527E5 /* SurfCamera.swift */ = {isa = PBXFileReference; fileEncoding = 4; lastKnownFileType = sourcecode.swift; path = SurfCamera.swift; sourceTree = "<group>"; };
		67859DCB1BD55A6E00DF4DBA /* CameraPlayerViewController.swift */ = {isa = PBXFileReference; fileEncoding = 4; lastKnownFileType = sourcecode.swift; path = CameraPlayerViewController.swift; sourceTree = "<group>"; };
/* End PBXFileReference section */

/* Begin PBXFrameworksBuildPhase section */
		6702230E1BD176B4002E2036 /* Frameworks */ = {
			isa = PBXFrameworksBuildPhase;
			buildActionMask = 2147483647;
			files = (
			);
			runOnlyForDeploymentPostprocessing = 0;
		};
		670223211BD176B4002E2036 /* Frameworks */ = {
			isa = PBXFrameworksBuildPhase;
			buildActionMask = 2147483647;
			files = (
			);
			runOnlyForDeploymentPostprocessing = 0;
		};
/* End PBXFrameworksBuildPhase section */

/* Begin PBXGroup section */
		670223081BD176B3002E2036 = {
			isa = PBXGroup;
			children = (
				670223131BD176B4002E2036 /* SurfateTV */,
				670223271BD176B4002E2036 /* SurfateTVTests */,
				670223121BD176B4002E2036 /* Products */,
			);
			sourceTree = "<group>";
		};
		670223121BD176B4002E2036 /* Products */ = {
			isa = PBXGroup;
			children = (
				670223111BD176B4002E2036 /* SurfateTV.app */,
				670223241BD176B4002E2036 /* SurfateTVTests.xctest */,
			);
			name = Products;
			sourceTree = "<group>";
		};
		670223131BD176B4002E2036 /* SurfateTV */ = {
			isa = PBXGroup;
			children = (
				673B963D1BD1B47D005527E5 /* Model */,
				673B963A1BD1AB7E005527E5 /* Views */,
				673B963B1BD1AB8A005527E5 /* ViewControllers */,
				673B963C1BD1AB96005527E5 /* Support */,
			);
			path = SurfateTV;
			sourceTree = "<group>";
		};
		670223271BD176B4002E2036 /* SurfateTVTests */ = {
			isa = PBXGroup;
			children = (
				670223281BD176B4002E2036 /* SurfateTVTests.swift */,
				6702232A1BD176B4002E2036 /* Info.plist */,
			);
			path = SurfateTVTests;
			sourceTree = "<group>";
		};
		673B963A1BD1AB7E005527E5 /* Views */ = {
			isa = PBXGroup;
			children = (
				673B96381BD1AB76005527E5 /* CameraCell.swift */,
			);
			name = Views;
			sourceTree = "<group>";
		};
		673B963B1BD1AB8A005527E5 /* ViewControllers */ = {
			isa = PBXGroup;
			children = (
				670223161BD176B4002E2036 /* FirstViewController.swift */,
				670223181BD176B4002E2036 /* SecondViewController.swift */,
				67859DCB1BD55A6E00DF4DBA /* CameraPlayerViewController.swift */,
			);
			name = ViewControllers;
			sourceTree = "<group>";
		};
		673B963C1BD1AB96005527E5 /* Support */ = {
			isa = PBXGroup;
			children = (
				670223141BD176B4002E2036 /* AppDelegate.swift */,
				6702231A1BD176B4002E2036 /* Main.storyboard */,
				6702231D1BD176B4002E2036 /* Assets.xcassets */,
				673B963E1BD1C478005527E5 /* CamsSource.plist */,
				6702231F1BD176B4002E2036 /* Info.plist */,
			);
			name = Support;
			sourceTree = "<group>";
		};
		673B963D1BD1B47D005527E5 /* Model */ = {
			isa = PBXGroup;
			children = (
				673B96401BD1C4A4005527E5 /* SurfCamera.swift */,
			);
			name = Model;
			sourceTree = "<group>";
		};
/* End PBXGroup section */

/* Begin PBXNativeTarget section */
		670223101BD176B4002E2036 /* SurfateTV */ = {
			isa = PBXNativeTarget;
			buildConfigurationList = 6702232D1BD176B4002E2036 /* Build configuration list for PBXNativeTarget "SurfateTV" */;
			buildPhases = (
				6702230D1BD176B4002E2036 /* Sources */,
				6702230E1BD176B4002E2036 /* Frameworks */,
				6702230F1BD176B4002E2036 /* Resources */,
			);
			buildRules = (
			);
			dependencies = (
			);
			name = SurfateTV;
			productName = SurfateTV;
			productReference = 670223111BD176B4002E2036 /* SurfateTV.app */;
			productType = "com.apple.product-type.application";
		};
		670223231BD176B4002E2036 /* SurfateTVTests */ = {
			isa = PBXNativeTarget;
			buildConfigurationList = 670223301BD176B4002E2036 /* Build configuration list for PBXNativeTarget "SurfateTVTests" */;
			buildPhases = (
				670223201BD176B4002E2036 /* Sources */,
				670223211BD176B4002E2036 /* Frameworks */,
				670223221BD176B4002E2036 /* Resources */,
			);
			buildRules = (
			);
			dependencies = (
				670223261BD176B4002E2036 /* PBXTargetDependency */,
			);
			name = SurfateTVTests;
			productName = SurfateTVTests;
			productReference = 670223241BD176B4002E2036 /* SurfateTVTests.xctest */;
			productType = "com.apple.product-type.bundle.unit-test";
		};
/* End PBXNativeTarget section */

/* Begin PBXProject section */
		670223091BD176B4002E2036 /* Project object */ = {
			isa = PBXProject;
			attributes = {
				LastSwiftUpdateCheck = 0710;
				LastUpgradeCheck = 0710;
				ORGANIZATIONNAME = "Pablo Paciello";
				TargetAttributes = {
					670223101BD176B4002E2036 = {
						CreatedOnToolsVersion = 7.1;
						DevelopmentTeam = 534ZL84PZG;
					};
					670223231BD176B4002E2036 = {
						CreatedOnToolsVersion = 7.1;
						TestTargetID = 670223101BD176B4002E2036;
					};
				};
			};
			buildConfigurationList = 6702230C1BD176B4002E2036 /* Build configuration list for PBXProject "SurfateTV" */;
			compatibilityVersion = "Xcode 3.2";
			developmentRegion = English;
			hasScannedForEncodings = 0;
			knownRegions = (
				en,
				Base,
			);
			mainGroup = 670223081BD176B3002E2036;
			productRefGroup = 670223121BD176B4002E2036 /* Products */;
			projectDirPath = "";
			projectRoot = "";
			targets = (
				670223101BD176B4002E2036 /* SurfateTV */,
				670223231BD176B4002E2036 /* SurfateTVTests */,
			);
		};
/* End PBXProject section */

/* Begin PBXResourcesBuildPhase section */
		6702230F1BD176B4002E2036 /* Resources */ = {
			isa = PBXResourcesBuildPhase;
			buildActionMask = 2147483647;
			files = (
				6702231E1BD176B4002E2036 /* Assets.xcassets in Resources */,
				6702231C1BD176B4002E2036 /* Main.storyboard in Resources */,
				673B963F1BD1C478005527E5 /* CamsSource.plist in Resources */,
			);
			runOnlyForDeploymentPostprocessing = 0;
		};
		670223221BD176B4002E2036 /* Resources */ = {
			isa = PBXResourcesBuildPhase;
			buildActionMask = 2147483647;
			files = (
			);
			runOnlyForDeploymentPostprocessing = 0;
		};
/* End PBXResourcesBuildPhase section */

/* Begin PBXSourcesBuildPhase section */
		6702230D1BD176B4002E2036 /* Sources */ = {
			isa = PBXSourcesBuildPhase;
			buildActionMask = 2147483647;
			files = (
				67859DCC1BD55A6E00DF4DBA /* CameraPlayerViewController.swift in Sources */,
				673B96391BD1AB76005527E5 /* CameraCell.swift in Sources */,
				670223191BD176B4002E2036 /* SecondViewController.swift in Sources */,
				673B96411BD1C4A4005527E5 /* SurfCamera.swift in Sources */,
				670223151BD176B4002E2036 /* AppDelegate.swift in Sources */,
				670223171BD176B4002E2036 /* FirstViewController.swift in Sources */,
			);
			runOnlyForDeploymentPostprocessing = 0;
		};
		670223201BD176B4002E2036 /* Sources */ = {
			isa = PBXSourcesBuildPhase;
			buildActionMask = 2147483647;
			files = (
				670223291BD176B4002E2036 /* SurfateTVTests.swift in Sources */,
			);
			runOnlyForDeploymentPostprocessing = 0;
		};
/* End PBXSourcesBuildPhase section */

/* Begin PBXTargetDependency section */
		670223261BD176B4002E2036 /* PBXTargetDependency */ = {
			isa = PBXTargetDependency;
			target = 670223101BD176B4002E2036 /* SurfateTV */;
			targetProxy = 670223251BD176B4002E2036 /* PBXContainerItemProxy */;
		};
/* End PBXTargetDependency section */

/* Begin PBXVariantGroup section */
		6702231A1BD176B4002E2036 /* Main.storyboard */ = {
			isa = PBXVariantGroup;
			children = (
				6702231B1BD176B4002E2036 /* Base */,
			);
			name = Main.storyboard;
			sourceTree = "<group>";
		};
/* End PBXVariantGroup section */

/* Begin XCBuildConfiguration section */
		6702232B1BD176B4002E2036 /* Debug */ = {
			isa = XCBuildConfiguration;
			buildSettings = {
				ALWAYS_SEARCH_USER_PATHS = NO;
				CLANG_CXX_LANGUAGE_STANDARD = "gnu++0x";
				CLANG_CXX_LIBRARY = "libc++";
				CLANG_ENABLE_MODULES = YES;
				CLANG_ENABLE_OBJC_ARC = YES;
				CLANG_WARN_BOOL_CONVERSION = YES;
				CLANG_WARN_CONSTANT_CONVERSION = YES;
				CLANG_WARN_DIRECT_OBJC_ISA_USAGE = YES_ERROR;
				CLANG_WARN_EMPTY_BODY = YES;
				CLANG_WARN_ENUM_CONVERSION = YES;
				CLANG_WARN_INT_CONVERSION = YES;
				CLANG_WARN_OBJC_ROOT_CLASS = YES_ERROR;
				CLANG_WARN_UNREACHABLE_CODE = YES;
				CLANG_WARN__DUPLICATE_METHOD_MATCH = YES;
				COPY_PHASE_STRIP = NO;
				DEBUG_INFORMATION_FORMAT = dwarf;
				ENABLE_STRICT_OBJC_MSGSEND = YES;
				ENABLE_TESTABILITY = YES;
				GCC_C_LANGUAGE_STANDARD = gnu99;
				GCC_DYNAMIC_NO_PIC = NO;
				GCC_NO_COMMON_BLOCKS = YES;
				GCC_OPTIMIZATION_LEVEL = 0;
				GCC_PREPROCESSOR_DEFINITIONS = (
					"DEBUG=1",
					"$(inherited)",
				);
				GCC_WARN_64_TO_32_BIT_CONVERSION = YES;
				GCC_WARN_ABOUT_RETURN_TYPE = YES_ERROR;
				GCC_WARN_UNDECLARED_SELECTOR = YES;
				GCC_WARN_UNINITIALIZED_AUTOS = YES_AGGRESSIVE;
				GCC_WARN_UNUSED_FUNCTION = YES;
				GCC_WARN_UNUSED_VARIABLE = YES;
				MTL_ENABLE_DEBUG_INFO = YES;
				ONLY_ACTIVE_ARCH = YES;
				SDKROOT = appletvos;
				SWIFT_OPTIMIZATION_LEVEL = "-Onone";
				TARGETED_DEVICE_FAMILY = 3;
				TVOS_DEPLOYMENT_TARGET = 9.0;
			};
			name = Debug;
		};
		6702232C1BD176B4002E2036 /* Release */ = {
			isa = XCBuildConfiguration;
			buildSettings = {
				ALWAYS_SEARCH_USER_PATHS = NO;
				CLANG_CXX_LANGUAGE_STANDARD = "gnu++0x";
				CLANG_CXX_LIBRARY = "libc++";
				CLANG_ENABLE_MODULES = YES;
				CLANG_ENABLE_OBJC_ARC = YES;
				CLANG_WARN_BOOL_CONVERSION = YES;
				CLANG_WARN_CONSTANT_CONVERSION = YES;
				CLANG_WARN_DIRECT_OBJC_ISA_USAGE = YES_ERROR;
				CLANG_WARN_EMPTY_BODY = YES;
				CLANG_WARN_ENUM_CONVERSION = YES;
				CLANG_WARN_INT_CONVERSION = YES;
				CLANG_WARN_OBJC_ROOT_CLASS = YES_ERROR;
				CLANG_WARN_UNREACHABLE_CODE = YES;
				CLANG_WARN__DUPLICATE_METHOD_MATCH = YES;
				COPY_PHASE_STRIP = NO;
				DEBUG_INFORMATION_FORMAT = "dwarf-with-dsym";
				ENABLE_NS_ASSERTIONS = NO;
				ENABLE_STRICT_OBJC_MSGSEND = YES;
				GCC_C_LANGUAGE_STANDARD = gnu99;
				GCC_NO_COMMON_BLOCKS = YES;
				GCC_WARN_64_TO_32_BIT_CONVERSION = YES;
				GCC_WARN_ABOUT_RETURN_TYPE = YES_ERROR;
				GCC_WARN_UNDECLARED_SELECTOR = YES;
				GCC_WARN_UNINITIALIZED_AUTOS = YES_AGGRESSIVE;
				GCC_WARN_UNUSED_FUNCTION = YES;
				GCC_WARN_UNUSED_VARIABLE = YES;
				MTL_ENABLE_DEBUG_INFO = NO;
				SDKROOT = appletvos;
				TARGETED_DEVICE_FAMILY = 3;
				TVOS_DEPLOYMENT_TARGET = 9.0;
				VALIDATE_PRODUCT = YES;
			};
			name = Release;
		};
		6702232E1BD176B4002E2036 /* Debug */ = {
			isa = XCBuildConfiguration;
			buildSettings = {
				ASSETCATALOG_COMPILER_APPICON_NAME = "App Icon & Top Shelf Image";
				ASSETCATALOG_COMPILER_LAUNCHIMAGE_NAME = LaunchImage;
				CODE_SIGN_IDENTITY = "iPhone Developer";
				"CODE_SIGN_IDENTITY[sdk=appletvos*]" = "iPhone Developer";
				INFOPLIST_FILE = SurfateTV/Info.plist;
				LD_RUNPATH_SEARCH_PATHS = "$(inherited) @executable_path/Frameworks";
				PRODUCT_BUNDLE_IDENTIFIER = com.ppacie.SurfateTV;
				PRODUCT_NAME = "$(TARGET_NAME)";
				PROVISIONING_PROFILE = "";
			};
			name = Debug;
		};
		6702232F1BD176B4002E2036 /* Release */ = {
			isa = XCBuildConfiguration;
			buildSettings = {
				ASSETCATALOG_COMPILER_APPICON_NAME = "App Icon & Top Shelf Image";
				ASSETCATALOG_COMPILER_LAUNCHIMAGE_NAME = LaunchImage;
				CODE_SIGN_IDENTITY = "iPhone Developer";
				"CODE_SIGN_IDENTITY[sdk=appletvos*]" = "iPhone Developer";
				INFOPLIST_FILE = SurfateTV/Info.plist;
				LD_RUNPATH_SEARCH_PATHS = "$(inherited) @executable_path/Frameworks";
				PRODUCT_BUNDLE_IDENTIFIER = com.ppacie.SurfateTV;
				PRODUCT_NAME = "$(TARGET_NAME)";
				PROVISIONING_PROFILE = "";
			};
			name = Release;
		};
		670223311BD176B4002E2036 /* Debug */ = {
			isa = XCBuildConfiguration;
			buildSettings = {
				BUNDLE_LOADER = "$(TEST_HOST)";
				INFOPLIST_FILE = SurfateTVTests/Info.plist;
				LD_RUNPATH_SEARCH_PATHS = "$(inherited) @executable_path/Frameworks @loader_path/Frameworks";
				PRODUCT_BUNDLE_IDENTIFIER = com.ppacie.SurfateTVTests;
				PRODUCT_NAME = "$(TARGET_NAME)";
				TEST_HOST = "$(BUILT_PRODUCTS_DIR)/SurfateTV.app/SurfateTV";
			};
			name = Debug;
		};
		670223321BD176B4002E2036 /* Release */ = {
			isa = XCBuildConfiguration;
			buildSettings = {
				BUNDLE_LOADER = "$(TEST_HOST)";
				INFOPLIST_FILE = SurfateTVTests/Info.plist;
				LD_RUNPATH_SEARCH_PATHS = "$(inherited) @executable_path/Frameworks @loader_path/Frameworks";
				PRODUCT_BUNDLE_IDENTIFIER = com.ppacie.SurfateTVTests;
				PRODUCT_NAME = "$(TARGET_NAME)";
				TEST_HOST = "$(BUILT_PRODUCTS_DIR)/SurfateTV.app/SurfateTV";
			};
			name = Release;
		};
/* End XCBuildConfiguration section */

/* Begin XCConfigurationList section */
		6702230C1BD176B4002E2036 /* Build configuration list for PBXProject "SurfateTV" */ = {
			isa = XCConfigurationList;
			buildConfigurations = (
				6702232B1BD176B4002E2036 /* Debug */,
				6702232C1BD176B4002E2036 /* Release */,
			);
			defaultConfigurationIsVisible = 0;
			defaultConfigurationName = Release;
		};
		6702232D1BD176B4002E2036 /* Build configuration list for PBXNativeTarget "SurfateTV" */ = {
			isa = XCConfigurationList;
			buildConfigurations = (
				6702232E1BD176B4002E2036 /* Debug */,
				6702232F1BD176B4002E2036 /* Release */,
			);
			defaultConfigurationIsVisible = 0;
			defaultConfigurationName = Release;
		};
		670223301BD176B4002E2036 /* Build configuration list for PBXNativeTarget "SurfateTVTests" */ = {
			isa = XCConfigurationList;
			buildConfigurations = (
				670223311BD176B4002E2036 /* Debug */,
				670223321BD176B4002E2036 /* Release */,
			);
			defaultConfigurationIsVisible = 0;
			defaultConfigurationName = Release;
		};
/* End XCConfigurationList section */
	};
	rootObject = 670223091BD176B4002E2036 /* Project object */;
}
